<?xml version="1.0" encoding="UTF-8" standalone="yes" ?>
<CodeBlocks_project_file>
	<FileVersion major="1" minor="6" />
	<Project>
		<Option title="SistemaEleitoral" />
		<Option pch_mode="2" />
		<Option compiler="gcc" />
		<Build>
			<Target title="Debug">
				<Option output="bin/Debug/SistemaEleitoral" prefix_auto="1" extension_auto="1" />
				<Option object_output="obj/Debug/" />
				<Option type="1" />
				<Option compiler="gcc" />
				<Compiler>
					<Add option="-g" />
				</Compiler>
			</Target>
			<Target title="Release">
				<Option output="bin/Release/SistemaEleitoral" prefix_auto="1" extension_auto="1" />
				<Option object_output="obj/Release/" />
				<Option type="1" />
				<Option compiler="gcc" />
				<Compiler>
					<Add option="-O2" />
				</Compiler>
				<Linker>
					<Add option="-s" />
				</Linker>
			</Target>
		</Build>
		<Compiler>
			<Add option="-Wall" />
		</Compiler>
		<Unit filename="DoubleHashOutput (1).txt" />
		<Unit filename="abp.c">
			<Option compilerVar="CC" />
		</Unit>
		<Unit filename="abp.h" />
		<Unit filename="candidato.h" />
		<Unit filename="cedula.c">
			<Option compilerVar="CC" />
		</Unit>
		<Unit filename="cedula.h" />
		<Unit filename="hash_abp.c">
			<Option compilerVar="CC" />
		</Unit>
		<Unit filename="hash_abp.h" />
		<Unit filename="hash_duplo.c">
			<Option compilerVar="CC" />
		</Unit>
		<Unit filename="hash_duplo.h" />
		<Unit filename="hash_lista.c">
			<Option compilerVar="CC" />
		</Unit>
		<Unit filename="hash_lista.h" />
		<Unit filename="input.txt" />
		<Unit filename="input3.txt" />
		<Unit filename="io.c">
			<Option compilerVar="CC" />
		</Unit>
		<Unit filename="io.h" />
		<Unit filename="lista.c">
			<Option compilerVar="CC" />
		</Unit>
		<Unit filename="lista.h" />
		<Unit filename="main.c">
			<Option compilerVar="CC" />
		</Unit>
		<Unit filename="output-lista.txt" />
		<Unit filename="output.txt" />
		<Unit filename="output1-abp.txt" />
		<Unit filename="output1-duplo.txt" />
		<Unit filename="outputm.txt" />
		<Unit filename="sistema_eleitoral.c">
			<Option compilerVar="CC" />
		</Unit>
		<Unit filename="sistema_eleitoral.h" />
		<Unit filename="tabela_candidatos.c">
			<Option compilerVar="CC" />
		</Unit>
		<Unit filename="tabela_candidatos.h" />
		<Extensions>
			<lib_finder disable_auto="1" />
		</Extensions>
	</Project>
</CodeBlocks_project_file>
